// !$*UTF8*$!
{
	archiveVersion = 1;
	classes = {
	};
	objectVersion = 55;
	objects = {

/* Begin PBXBuildFile section */
		24C3CE7527F0FDB500F44EEE /* AfricaApp.swift in Sources */ = {isa = PBXBuildFile; fileRef = 24C3CE7427F0FDB500F44EEE /* AfricaApp.swift */; };
		24C3CE7727F0FDB500F44EEE /* ContentView.swift in Sources */ = {isa = PBXBuildFile; fileRef = 24C3CE7627F0FDB500F44EEE /* ContentView.swift */; };
		24C3CE7927F0FDB500F44EEE /* Assets.xcassets in Resources */ = {isa = PBXBuildFile; fileRef = 24C3CE7827F0FDB500F44EEE /* Assets.xcassets */; };
		24C3CE7C27F0FDB500F44EEE /* Preview Assets.xcassets in Resources */ = {isa = PBXBuildFile; fileRef = 24C3CE7B27F0FDB500F44EEE /* Preview Assets.xcassets */; };
		24C3CE8D27F0FF8400F44EEE /* lion.mp4 in Resources */ = {isa = PBXBuildFile; fileRef = 24C3CE8327F0FF8400F44EEE /* lion.mp4 */; };
		24C3CE8E27F0FF8400F44EEE /* giraffe.mp4 in Resources */ = {isa = PBXBuildFile; fileRef = 24C3CE8427F0FF8400F44EEE /* giraffe.mp4 */; };
		24C3CE8F27F0FF8400F44EEE /* lioness.mp4 in Resources */ = {isa = PBXBuildFile; fileRef = 24C3CE8527F0FF8400F44EEE /* lioness.mp4 */; };
		24C3CE9027F0FF8400F44EEE /* zebra.mp4 in Resources */ = {isa = PBXBuildFile; fileRef = 24C3CE8627F0FF8400F44EEE /* zebra.mp4 */; };
		24C3CE9127F0FF8400F44EEE /* gorilla.mp4 in Resources */ = {isa = PBXBuildFile; fileRef = 24C3CE8727F0FF8400F44EEE /* gorilla.mp4 */; };
		24C3CE9227F0FF8400F44EEE /* rhino.mp4 in Resources */ = {isa = PBXBuildFile; fileRef = 24C3CE8827F0FF8400F44EEE /* rhino.mp4 */; };
		24C3CE9327F0FF8400F44EEE /* hippo.mp4 in Resources */ = {isa = PBXBuildFile; fileRef = 24C3CE8927F0FF8400F44EEE /* hippo.mp4 */; };
		24C3CE9427F0FF8400F44EEE /* cheetah.mp4 in Resources */ = {isa = PBXBuildFile; fileRef = 24C3CE8A27F0FF8400F44EEE /* cheetah.mp4 */; };
		24C3CE9527F0FF8400F44EEE /* elephant.mp4 in Resources */ = {isa = PBXBuildFile; fileRef = 24C3CE8B27F0FF8400F44EEE /* elephant.mp4 */; };
		24C3CE9627F0FF8400F44EEE /* ostrich.mp4 in Resources */ = {isa = PBXBuildFile; fileRef = 24C3CE8C27F0FF8400F44EEE /* ostrich.mp4 */; };
		24C3CE9C27F0FFCC00F44EEE /* videos.json in Resources */ = {isa = PBXBuildFile; fileRef = 24C3CE9827F0FFCC00F44EEE /* videos.json */; };
		24C3CE9D27F0FFCC00F44EEE /* covers.json in Resources */ = {isa = PBXBuildFile; fileRef = 24C3CE9927F0FFCC00F44EEE /* covers.json */; };
		24C3CE9E27F0FFCC00F44EEE /* locations.json in Resources */ = {isa = PBXBuildFile; fileRef = 24C3CE9A27F0FFCC00F44EEE /* locations.json */; };
		24C3CE9F27F0FFCC00F44EEE /* animals.json in Resources */ = {isa = PBXBuildFile; fileRef = 24C3CE9B27F0FFCC00F44EEE /* animals.json */; };
		24C3CEA327F1020C00F44EEE /* VideoListView.swift in Sources */ = {isa = PBXBuildFile; fileRef = 24C3CEA227F1020C00F44EEE /* VideoListView.swift */; };
		24C3CEA527F1022000F44EEE /* MapView.swift in Sources */ = {isa = PBXBuildFile; fileRef = 24C3CEA427F1022000F44EEE /* MapView.swift */; };
		24C3CEA727F1022F00F44EEE /* GalleryView.swift in Sources */ = {isa = PBXBuildFile; fileRef = 24C3CEA627F1022F00F44EEE /* GalleryView.swift */; };
		24C3CEA927F1023C00F44EEE /* MainView.swift in Sources */ = {isa = PBXBuildFile; fileRef = 24C3CEA827F1023C00F44EEE /* MainView.swift */; };
		24C3CEAC27F1256500F44EEE /* CoverImageView.swift in Sources */ = {isa = PBXBuildFile; fileRef = 24C3CEAB27F1256500F44EEE /* CoverImageView.swift */; };
		24C3CEAF27F127E600F44EEE /* CoverImageModel.swift in Sources */ = {isa = PBXBuildFile; fileRef = 24C3CEAE27F127E600F44EEE /* CoverImageModel.swift */; };
		24C3CEB227F1294100F44EEE /* CodableBundleExtension.swift in Sources */ = {isa = PBXBuildFile; fileRef = 24C3CEB127F1294100F44EEE /* CodableBundleExtension.swift */; };
		24C3CEB427F1CFFC00F44EEE /* AnimalListItemView.swift in Sources */ = {isa = PBXBuildFile; fileRef = 24C3CEB327F1CFFC00F44EEE /* AnimalListItemView.swift */; };
		24C3CEB627F1D22700F44EEE /* AnimalModel.swift in Sources */ = {isa = PBXBuildFile; fileRef = 24C3CEB527F1D22700F44EEE /* AnimalModel.swift */; };
		24C3CEB827F2064600F44EEE /* AnimalDetailView.swift in Sources */ = {isa = PBXBuildFile; fileRef = 24C3CEB727F2064600F44EEE /* AnimalDetailView.swift */; };
		24C3CEBA27F207C600F44EEE /* HeadingView.swift in Sources */ = {isa = PBXBuildFile; fileRef = 24C3CEB927F207C600F44EEE /* HeadingView.swift */; };
		24C3CEBC27F208CF00F44EEE /* InsetGalleryView.swift in Sources */ = {isa = PBXBuildFile; fileRef = 24C3CEBB27F208CF00F44EEE /* InsetGalleryView.swift */; };
		24C3CEBE27F2300300F44EEE /* InsetFactView.swift in Sources */ = {isa = PBXBuildFile; fileRef = 24C3CEBD27F2300300F44EEE /* InsetFactView.swift */; };
		24C3CEC027F233A300F44EEE /* InsetMapView.swift in Sources */ = {isa = PBXBuildFile; fileRef = 24C3CEBF27F233A300F44EEE /* InsetMapView.swift */; };
		24C3CEC227F2361000F44EEE /* ExternalWeblinkView.swift in Sources */ = {isa = PBXBuildFile; fileRef = 24C3CEC127F2361000F44EEE /* ExternalWeblinkView.swift */; };
		24C3CEC427F2546000F44EEE /* VideoModel.swift in Sources */ = {isa = PBXBuildFile; fileRef = 24C3CEC327F2546000F44EEE /* VideoModel.swift */; };
		24C3CEC627F254B600F44EEE /* VideoListItemView.swift in Sources */ = {isa = PBXBuildFile; fileRef = 24C3CEC527F254B600F44EEE /* VideoListItemView.swift */; };
		24C3CEC827F269B300F44EEE /* VideoPlayerView.swift in Sources */ = {isa = PBXBuildFile; fileRef = 24C3CEC727F269B300F44EEE /* VideoPlayerView.swift */; };
		24C3CECB27F26A8900F44EEE /* VideoPlayerHelper.swift in Sources */ = {isa = PBXBuildFile; fileRef = 24C3CECA27F26A8900F44EEE /* VideoPlayerHelper.swift */; };
		24C3CECD27F303CE00F44EEE /* LocationModel.swift in Sources */ = {isa = PBXBuildFile; fileRef = 24C3CECC27F303CE00F44EEE /* LocationModel.swift */; };
		24C3CECF27F319A900F44EEE /* MapAnnotationView.swift in Sources */ = {isa = PBXBuildFile; fileRef = 24C3CECE27F319A900F44EEE /* MapAnnotationView.swift */; };
		24C3CED127F31CCF00F44EEE /* MotionAnnimationView.swift in Sources */ = {isa = PBXBuildFile; fileRef = 24C3CED027F31CCF00F44EEE /* MotionAnnimationView.swift */; };
/* End PBXBuildFile section */

/* Begin PBXFileReference section */
		24C3CE7127F0FDB500F44EEE /* Africa.app */ = {isa = PBXFileReference; explicitFileType = wrapper.application; includeInIndex = 0; path = Africa.app; sourceTree = BUILT_PRODUCTS_DIR; };
		24C3CE7427F0FDB500F44EEE /* AfricaApp.swift */ = {isa = PBXFileReference; lastKnownFileType = sourcecode.swift; path = AfricaApp.swift; sourceTree = "<group>"; };
		24C3CE7627F0FDB500F44EEE /* ContentView.swift */ = {isa = PBXFileReference; lastKnownFileType = sourcecode.swift; path = ContentView.swift; sourceTree = "<group>"; };
		24C3CE7827F0FDB500F44EEE /* Assets.xcassets */ = {isa = PBXFileReference; lastKnownFileType = folder.assetcatalog; path = Assets.xcassets; sourceTree = "<group>"; };
		24C3CE7B27F0FDB500F44EEE /* Preview Assets.xcassets */ = {isa = PBXFileReference; lastKnownFileType = folder.assetcatalog; path = "Preview Assets.xcassets"; sourceTree = "<group>"; };
		24C3CE8327F0FF8400F44EEE /* lion.mp4 */ = {isa = PBXFileReference; lastKnownFileType = file; path = lion.mp4; sourceTree = "<group>"; };
		24C3CE8427F0FF8400F44EEE /* giraffe.mp4 */ = {isa = PBXFileReference; lastKnownFileType = file; path = giraffe.mp4; sourceTree = "<group>"; };
		24C3CE8527F0FF8400F44EEE /* lioness.mp4 */ = {isa = PBXFileReference; lastKnownFileType = file; path = lioness.mp4; sourceTree = "<group>"; };
		24C3CE8627F0FF8400F44EEE /* zebra.mp4 */ = {isa = PBXFileReference; lastKnownFileType = file; path = zebra.mp4; sourceTree = "<group>"; };
		24C3CE8727F0FF8400F44EEE /* gorilla.mp4 */ = {isa = PBXFileReference; lastKnownFileType = file; path = gorilla.mp4; sourceTree = "<group>"; };
		24C3CE8827F0FF8400F44EEE /* rhino.mp4 */ = {isa = PBXFileReference; lastKnownFileType = file; path = rhino.mp4; sourceTree = "<group>"; };
		24C3CE8927F0FF8400F44EEE /* hippo.mp4 */ = {isa = PBXFileReference; lastKnownFileType = file; path = hippo.mp4; sourceTree = "<group>"; };
		24C3CE8A27F0FF8400F44EEE /* cheetah.mp4 */ = {isa = PBXFileReference; lastKnownFileType = file; path = cheetah.mp4; sourceTree = "<group>"; };
		24C3CE8B27F0FF8400F44EEE /* elephant.mp4 */ = {isa = PBXFileReference; lastKnownFileType = file; path = elephant.mp4; sourceTree = "<group>"; };
		24C3CE8C27F0FF8400F44EEE /* ostrich.mp4 */ = {isa = PBXFileReference; lastKnownFileType = file; path = ostrich.mp4; sourceTree = "<group>"; };
		24C3CE9827F0FFCC00F44EEE /* videos.json */ = {isa = PBXFileReference; fileEncoding = 4; lastKnownFileType = text.json; path = videos.json; sourceTree = "<group>"; };
		24C3CE9927F0FFCC00F44EEE /* covers.json */ = {isa = PBXFileReference; fileEncoding = 4; lastKnownFileType = text.json; path = covers.json; sourceTree = "<group>"; };
		24C3CE9A27F0FFCC00F44EEE /* locations.json */ = {isa = PBXFileReference; fileEncoding = 4; lastKnownFileType = text.json; path = locations.json; sourceTree = "<group>"; };
		24C3CE9B27F0FFCC00F44EEE /* animals.json */ = {isa = PBXFileReference; fileEncoding = 4; lastKnownFileType = text.json; path = animals.json; sourceTree = "<group>"; };
		24C3CEA027F100A500F44EEE /* Info.plist */ = {isa = PBXFileReference; lastKnownFileType = text.plist; path = Info.plist; sourceTree = "<group>"; };
		24C3CEA227F1020C00F44EEE /* VideoListView.swift */ = {isa = PBXFileReference; lastKnownFileType = sourcecode.swift; path = VideoListView.swift; sourceTree = "<group>"; };
		24C3CEA427F1022000F44EEE /* MapView.swift */ = {isa = PBXFileReference; lastKnownFileType = sourcecode.swift; path = MapView.swift; sourceTree = "<group>"; };
		24C3CEA627F1022F00F44EEE /* GalleryView.swift */ = {isa = PBXFileReference; lastKnownFileType = sourcecode.swift; path = GalleryView.swift; sourceTree = "<group>"; };
		24C3CEA827F1023C00F44EEE /* MainView.swift */ = {isa = PBXFileReference; lastKnownFileType = sourcecode.swift; path = MainView.swift; sourceTree = "<group>"; };
		24C3CEAB27F1256500F44EEE /* CoverImageView.swift */ = {isa = PBXFileReference; lastKnownFileType = sourcecode.swift; path = CoverImageView.swift; sourceTree = "<group>"; };
		24C3CEAE27F127E600F44EEE /* CoverImageModel.swift */ = {isa = PBXFileReference; lastKnownFileType = sourcecode.swift; path = CoverImageModel.swift; sourceTree = "<group>"; };
		24C3CEB127F1294100F44EEE /* CodableBundleExtension.swift */ = {isa = PBXFileReference; lastKnownFileType = sourcecode.swift; path = CodableBundleExtension.swift; sourceTree = "<group>"; };
		24C3CEB327F1CFFC00F44EEE /* AnimalListItemView.swift */ = {isa = PBXFileReference; lastKnownFileType = sourcecode.swift; path = AnimalListItemView.swift; sourceTree = "<group>"; };
		24C3CEB527F1D22700F44EEE /* AnimalModel.swift */ = {isa = PBXFileReference; lastKnownFileType = sourcecode.swift; path = AnimalModel.swift; sourceTree = "<group>"; };
		24C3CEB727F2064600F44EEE /* AnimalDetailView.swift */ = {isa = PBXFileReference; lastKnownFileType = sourcecode.swift; path = AnimalDetailView.swift; sourceTree = "<group>"; };
		24C3CEB927F207C600F44EEE /* HeadingView.swift */ = {isa = PBXFileReference; lastKnownFileType = sourcecode.swift; path = HeadingView.swift; sourceTree = "<group>"; };
		24C3CEBB27F208CF00F44EEE /* InsetGalleryView.swift */ = {isa = PBXFileReference; lastKnownFileType = sourcecode.swift; path = InsetGalleryView.swift; sourceTree = "<group>"; };
		24C3CEBD27F2300300F44EEE /* InsetFactView.swift */ = {isa = PBXFileReference; lastKnownFileType = sourcecode.swift; path = InsetFactView.swift; sourceTree = "<group>"; };
		24C3CEBF27F233A300F44EEE /* InsetMapView.swift */ = {isa = PBXFileReference; lastKnownFileType = sourcecode.swift; path = InsetMapView.swift; sourceTree = "<group>"; };
		24C3CEC127F2361000F44EEE /* ExternalWeblinkView.swift */ = {isa = PBXFileReference; lastKnownFileType = sourcecode.swift; path = ExternalWeblinkView.swift; sourceTree = "<group>"; };
		24C3CEC327F2546000F44EEE /* VideoModel.swift */ = {isa = PBXFileReference; lastKnownFileType = sourcecode.swift; path = VideoModel.swift; sourceTree = "<group>"; };
		24C3CEC527F254B600F44EEE /* VideoListItemView.swift */ = {isa = PBXFileReference; lastKnownFileType = sourcecode.swift; path = VideoListItemView.swift; sourceTree = "<group>"; };
		24C3CEC727F269B300F44EEE /* VideoPlayerView.swift */ = {isa = PBXFileReference; lastKnownFileType = sourcecode.swift; path = VideoPlayerView.swift; sourceTree = "<group>"; };
		24C3CECA27F26A8900F44EEE /* VideoPlayerHelper.swift */ = {isa = PBXFileReference; lastKnownFileType = sourcecode.swift; path = VideoPlayerHelper.swift; sourceTree = "<group>"; };
		24C3CECC27F303CE00F44EEE /* LocationModel.swift */ = {isa = PBXFileReference; lastKnownFileType = sourcecode.swift; path = LocationModel.swift; sourceTree = "<group>"; };
		24C3CECE27F319A900F44EEE /* MapAnnotationView.swift */ = {isa = PBXFileReference; lastKnownFileType = sourcecode.swift; path = MapAnnotationView.swift; sourceTree = "<group>"; };
		24C3CED027F31CCF00F44EEE /* MotionAnnimationView.swift */ = {isa = PBXFileReference; lastKnownFileType = sourcecode.swift; path = MotionAnnimationView.swift; sourceTree = "<group>"; };
/* End PBXFileReference section */

/* Begin PBXFrameworksBuildPhase section */
		24C3CE6E27F0FDB500F44EEE /* Frameworks */ = {
			isa = PBXFrameworksBuildPhase;
			buildActionMask = 2147483647;
			files = (
			);
			runOnlyForDeploymentPostprocessing = 0;
		};
/* End PBXFrameworksBuildPhase section */

/* Begin PBXGroup section */
		24C3CE6827F0FDB500F44EEE = {
			isa = PBXGroup;
			children = (
				24C3CE7327F0FDB500F44EEE /* Africa */,
				24C3CE7227F0FDB500F44EEE /* Products */,
			);
			sourceTree = "<group>";
		};
		24C3CE7227F0FDB500F44EEE /* Products */ = {
			isa = PBXGroup;
			children = (
				24C3CE7127F0FDB500F44EEE /* Africa.app */,
			);
			name = Products;
			sourceTree = "<group>";
		};
		24C3CE7327F0FDB500F44EEE /* Africa */ = {
			isa = PBXGroup;
			children = (
				24C3CEC927F26A7200F44EEE /* Helper */,
				24C3CEB027F1293100F44EEE /* Extension */,
				24C3CEAD27F127D300F44EEE /* Model */,
				24C3CEAA27F1255600F44EEE /* View */,
				24C3CEA027F100A500F44EEE /* Info.plist */,
				24C3CE9727F0FFAB00F44EEE /* Data */,
				24C3CE8227F0FF5D00F44EEE /* Video */,
				24C3CEA127F101B900F44EEE /* App */,
				24C3CE7827F0FDB500F44EEE /* Assets.xcassets */,
				24C3CE7A27F0FDB500F44EEE /* Preview Content */,
			);
			path = Africa;
			sourceTree = "<group>";
		};
		24C3CE7A27F0FDB500F44EEE /* Preview Content */ = {
			isa = PBXGroup;
			children = (
				24C3CE7B27F0FDB500F44EEE /* Preview Assets.xcassets */,
			);
			path = "Preview Content";
			sourceTree = "<group>";
		};
		24C3CE8227F0FF5D00F44EEE /* Video */ = {
			isa = PBXGroup;
			children = (
				24C3CE8A27F0FF8400F44EEE /* cheetah.mp4 */,
				24C3CE8B27F0FF8400F44EEE /* elephant.mp4 */,
				24C3CE8427F0FF8400F44EEE /* giraffe.mp4 */,
				24C3CE8727F0FF8400F44EEE /* gorilla.mp4 */,
				24C3CE8927F0FF8400F44EEE /* hippo.mp4 */,
				24C3CE8327F0FF8400F44EEE /* lion.mp4 */,
				24C3CE8527F0FF8400F44EEE /* lioness.mp4 */,
				24C3CE8C27F0FF8400F44EEE /* ostrich.mp4 */,
				24C3CE8827F0FF8400F44EEE /* rhino.mp4 */,
				24C3CE8627F0FF8400F44EEE /* zebra.mp4 */,
			);
			path = Video;
			sourceTree = "<group>";
		};
		24C3CE9727F0FFAB00F44EEE /* Data */ = {
			isa = PBXGroup;
			children = (
				24C3CE9B27F0FFCC00F44EEE /* animals.json */,
				24C3CE9927F0FFCC00F44EEE /* covers.json */,
				24C3CE9A27F0FFCC00F44EEE /* locations.json */,
				24C3CE9827F0FFCC00F44EEE /* videos.json */,
			);
			path = Data;
			sourceTree = "<group>";
		};
		24C3CEA127F101B900F44EEE /* App */ = {
			isa = PBXGroup;
			children = (
				24C3CE7427F0FDB500F44EEE /* AfricaApp.swift */,
				24C3CE7627F0FDB500F44EEE /* ContentView.swift */,
				24C3CEA227F1020C00F44EEE /* VideoListView.swift */,
				24C3CEA427F1022000F44EEE /* MapView.swift */,
				24C3CEA627F1022F00F44EEE /* GalleryView.swift */,
				24C3CEA827F1023C00F44EEE /* MainView.swift */,
			);
			path = App;
			sourceTree = "<group>";
		};
		24C3CEAA27F1255600F44EEE /* View */ = {
			isa = PBXGroup;
			children = (
				24C3CEAB27F1256500F44EEE /* CoverImageView.swift */,
				24C3CEB327F1CFFC00F44EEE /* AnimalListItemView.swift */,
				24C3CEB727F2064600F44EEE /* AnimalDetailView.swift */,
				24C3CEB927F207C600F44EEE /* HeadingView.swift */,
				24C3CEBB27F208CF00F44EEE /* InsetGalleryView.swift */,
				24C3CEBD27F2300300F44EEE /* InsetFactView.swift */,
				24C3CEBF27F233A300F44EEE /* InsetMapView.swift */,
				24C3CEC127F2361000F44EEE /* ExternalWeblinkView.swift */,
				24C3CEC527F254B600F44EEE /* VideoListItemView.swift */,
				24C3CEC727F269B300F44EEE /* VideoPlayerView.swift */,
				24C3CECE27F319A900F44EEE /* MapAnnotationView.swift */,
				24C3CED027F31CCF00F44EEE /* MotionAnnimationView.swift */,
			);
			path = View;
			sourceTree = "<group>";
		};
		24C3CEAD27F127D300F44EEE /* Model */ = {
			isa = PBXGroup;
			children = (
				24C3CEAE27F127E600F44EEE /* CoverImageModel.swift */,
				24C3CEB527F1D22700F44EEE /* AnimalModel.swift */,
				24C3CEC327F2546000F44EEE /* VideoModel.swift */,
				24C3CECC27F303CE00F44EEE /* LocationModel.swift */,
			);
			path = Model;
			sourceTree = "<group>";
		};
		24C3CEB027F1293100F44EEE /* Extension */ = {
			isa = PBXGroup;
			children = (
				24C3CEB127F1294100F44EEE /* CodableBundleExtension.swift */,
			);
			path = Extension;
			sourceTree = "<group>";
		};
		24C3CEC927F26A7200F44EEE /* Helper */ = {
			isa = PBXGroup;
			children = (
				24C3CECA27F26A8900F44EEE /* VideoPlayerHelper.swift */,
			);
			path = Helper;
			sourceTree = "<group>";
		};
/* End PBXGroup section */

/* Begin PBXNativeTarget section */
		24C3CE7027F0FDB500F44EEE /* Africa */ = {
			isa = PBXNativeTarget;
			buildConfigurationList = 24C3CE7F27F0FDB500F44EEE /* Build configuration list for PBXNativeTarget "Africa" */;
			buildPhases = (
				24C3CE6D27F0FDB500F44EEE /* Sources */,
				24C3CE6E27F0FDB500F44EEE /* Frameworks */,
				24C3CE6F27F0FDB500F44EEE /* Resources */,
			);
			buildRules = (
			);
			dependencies = (
			);
			name = Africa;
			productName = Africa;
			productReference = 24C3CE7127F0FDB500F44EEE /* Africa.app */;
			productType = "com.apple.product-type.application";
		};
/* End PBXNativeTarget section */

/* Begin PBXProject section */
		24C3CE6927F0FDB500F44EEE /* Project object */ = {
			isa = PBXProject;
			attributes = {
				BuildIndependentTargetsInParallel = 1;
				LastSwiftUpdateCheck = 1330;
				LastUpgradeCheck = 1330;
				TargetAttributes = {
					24C3CE7027F0FDB500F44EEE = {
						CreatedOnToolsVersion = 13.3;
					};
				};
			};
			buildConfigurationList = 24C3CE6C27F0FDB500F44EEE /* Build configuration list for PBXProject "Africa" */;
			compatibilityVersion = "Xcode 13.0";
			developmentRegion = en;
			hasScannedForEncodings = 0;
			knownRegions = (
				en,
				Base,
			);
			mainGroup = 24C3CE6827F0FDB500F44EEE;
			productRefGroup = 24C3CE7227F0FDB500F44EEE /* Products */;
			projectDirPath = "";
			projectRoot = "";
			targets = (
				24C3CE7027F0FDB500F44EEE /* Africa */,
			);
		};
/* End PBXProject section */

/* Begin PBXResourcesBuildPhase section */
		24C3CE6F27F0FDB500F44EEE /* Resources */ = {
			isa = PBXResourcesBuildPhase;
			buildActionMask = 2147483647;
			files = (
				24C3CE9227F0FF8400F44EEE /* rhino.mp4 in Resources */,
				24C3CE9327F0FF8400F44EEE /* hippo.mp4 in Resources */,
				24C3CE7C27F0FDB500F44EEE /* Preview Assets.xcassets in Resources */,
				24C3CE8D27F0FF8400F44EEE /* lion.mp4 in Resources */,
				24C3CE9C27F0FFCC00F44EEE /* videos.json in Resources */,
				24C3CE8F27F0FF8400F44EEE /* lioness.mp4 in Resources */,
				24C3CE9127F0FF8400F44EEE /* gorilla.mp4 in Resources */,
				24C3CE9E27F0FFCC00F44EEE /* locations.json in Resources */,
				24C3CE9D27F0FFCC00F44EEE /* covers.json in Resources */,
				24C3CE9F27F0FFCC00F44EEE /* animals.json in Resources */,
				24C3CE9627F0FF8400F44EEE /* ostrich.mp4 in Resources */,
				24C3CE9427F0FF8400F44EEE /* cheetah.mp4 in Resources */,
				24C3CE8E27F0FF8400F44EEE /* giraffe.mp4 in Resources */,
				24C3CE9027F0FF8400F44EEE /* zebra.mp4 in Resources */,
				24C3CE7927F0FDB500F44EEE /* Assets.xcassets in Resources */,
				24C3CE9527F0FF8400F44EEE /* elephant.mp4 in Resources */,
			);
			runOnlyForDeploymentPostprocessing = 0;
		};
/* End PBXResourcesBuildPhase section */

/* Begin PBXSourcesBuildPhase section */
		24C3CE6D27F0FDB500F44EEE /* Sources */ = {
			isa = PBXSourcesBuildPhase;
			buildActionMask = 2147483647;
			files = (
				24C3CEC227F2361000F44EEE /* ExternalWeblinkView.swift in Sources */,
				24C3CE7727F0FDB500F44EEE /* ContentView.swift in Sources */,
				24C3CEB427F1CFFC00F44EEE /* AnimalListItemView.swift in Sources */,
				24C3CEA927F1023C00F44EEE /* MainView.swift in Sources */,
				24C3CEBE27F2300300F44EEE /* InsetFactView.swift in Sources */,
				24C3CEAC27F1256500F44EEE /* CoverImageView.swift in Sources */,
				24C3CEAF27F127E600F44EEE /* CoverImageModel.swift in Sources */,
				24C3CEB827F2064600F44EEE /* AnimalDetailView.swift in Sources */,
				24C3CEB627F1D22700F44EEE /* AnimalModel.swift in Sources */,
				24C3CEA527F1022000F44EEE /* MapView.swift in Sources */,
				24C3CECB27F26A8900F44EEE /* VideoPlayerHelper.swift in Sources */,
				24C3CEC027F233A300F44EEE /* InsetMapView.swift in Sources */,
				24C3CE7527F0FDB500F44EEE /* AfricaApp.swift in Sources */,
				24C3CECF27F319A900F44EEE /* MapAnnotationView.swift in Sources */,
				24C3CEA327F1020C00F44EEE /* VideoListView.swift in Sources */,
				24C3CEC427F2546000F44EEE /* VideoModel.swift in Sources */,
				24C3CEA727F1022F00F44EEE /* GalleryView.swift in Sources */,
				24C3CECD27F303CE00F44EEE /* LocationModel.swift in Sources */,
				24C3CEBC27F208CF00F44EEE /* InsetGalleryView.swift in Sources */,
				24C3CEC627F254B600F44EEE /* VideoListItemView.swift in Sources */,
				24C3CED127F31CCF00F44EEE /* MotionAnnimationView.swift in Sources */,
				24C3CEB227F1294100F44EEE /* CodableBundleExtension.swift in Sources */,
				24C3CEBA27F207C600F44EEE /* HeadingView.swift in Sources */,
				24C3CEC827F269B300F44EEE /* VideoPlayerView.swift in Sources */,
			);
			runOnlyForDeploymentPostprocessing = 0;
		};
/* End PBXSourcesBuildPhase section */

/* Begin XCBuildConfiguration section */
		24C3CE7D27F0FDB500F44EEE /* Debug */ = {
			isa = XCBuildConfiguration;
			buildSettings = {
				ALWAYS_SEARCH_USER_PATHS = NO;
				CLANG_ANALYZER_NONNULL = YES;
				CLANG_ANALYZER_NUMBER_OBJECT_CONVERSION = YES_AGGRESSIVE;
				CLANG_CXX_LANGUAGE_STANDARD = "gnu++17";
				CLANG_ENABLE_MODULES = YES;
				CLANG_ENABLE_OBJC_ARC = YES;
				CLANG_ENABLE_OBJC_WEAK = YES;
				CLANG_WARN_BLOCK_CAPTURE_AUTORELEASING = YES;
				CLANG_WARN_BOOL_CONVERSION = YES;
				CLANG_WARN_COMMA = YES;
				CLANG_WARN_CONSTANT_CONVERSION = YES;
				CLANG_WARN_DEPRECATED_OBJC_IMPLEMENTATIONS = YES;
				CLANG_WARN_DIRECT_OBJC_ISA_USAGE = YES_ERROR;
				CLANG_WARN_DOCUMENTATION_COMMENTS = YES;
				CLANG_WARN_EMPTY_BODY = YES;
				CLANG_WARN_ENUM_CONVERSION = YES;
				CLANG_WARN_INFINITE_RECURSION = YES;
				CLANG_WARN_INT_CONVERSION = YES;
				CLANG_WARN_NON_LITERAL_NULL_CONVERSION = YES;
				CLANG_WARN_OBJC_IMPLICIT_RETAIN_SELF = YES;
				CLANG_WARN_OBJC_LITERAL_CONVERSION = YES;
				CLANG_WARN_OBJC_ROOT_CLASS = YES_ERROR;
				CLANG_WARN_QUOTED_INCLUDE_IN_FRAMEWORK_HEADER = YES;
				CLANG_WARN_RANGE_LOOP_ANALYSIS = YES;
				CLANG_WARN_STRICT_PROTOTYPES = YES;
				CLANG_WARN_SUSPICIOUS_MOVE = YES;
				CLANG_WARN_UNGUARDED_AVAILABILITY = YES_AGGRESSIVE;
				CLANG_WARN_UNREACHABLE_CODE = YES;
				CLANG_WARN__DUPLICATE_METHOD_MATCH = YES;
				COPY_PHASE_STRIP = NO;
				DEBUG_INFORMATION_FORMAT = dwarf;
				ENABLE_STRICT_OBJC_MSGSEND = YES;
				ENABLE_TESTABILITY = YES;
				GCC_C_LANGUAGE_STANDARD = gnu11;
				GCC_DYNAMIC_NO_PIC = NO;
				GCC_NO_COMMON_BLOCKS = YES;
				GCC_OPTIMIZATION_LEVEL = 0;
				GCC_PREPROCESSOR_DEFINITIONS = (
					"DEBUG=1",
					"$(inherited)",
				);
				GCC_WARN_64_TO_32_BIT_CONVERSION = YES;
				GCC_WARN_ABOUT_RETURN_TYPE = YES_ERROR;
				GCC_WARN_UNDECLARED_SELECTOR = YES;
				GCC_WARN_UNINITIALIZED_AUTOS = YES_AGGRESSIVE;
				GCC_WARN_UNUSED_FUNCTION = YES;
				GCC_WARN_UNUSED_VARIABLE = YES;
				IPHONEOS_DEPLOYMENT_TARGET = 15.4;
				MTL_ENABLE_DEBUG_INFO = INCLUDE_SOURCE;
				MTL_FAST_MATH = YES;
				ONLY_ACTIVE_ARCH = YES;
				SDKROOT = iphoneos;
				SWIFT_ACTIVE_COMPILATION_CONDITIONS = DEBUG;
				SWIFT_OPTIMIZATION_LEVEL = "-Onone";
			};
			name = Debug;
		};
		24C3CE7E27F0FDB500F44EEE /* Release */ = {
			isa = XCBuildConfiguration;
			buildSettings = {
				ALWAYS_SEARCH_USER_PATHS = NO;
				CLANG_ANALYZER_NONNULL = YES;
				CLANG_ANALYZER_NUMBER_OBJECT_CONVERSION = YES_AGGRESSIVE;
				CLANG_CXX_LANGUAGE_STANDARD = "gnu++17";
				CLANG_ENABLE_MODULES = YES;
				CLANG_ENABLE_OBJC_ARC = YES;
				CLANG_ENABLE_OBJC_WEAK = YES;
				CLANG_WARN_BLOCK_CAPTURE_AUTORELEASING = YES;
				CLANG_WARN_BOOL_CONVERSION = YES;
				CLANG_WARN_COMMA = YES;
				CLANG_WARN_CONSTANT_CONVERSION = YES;
				CLANG_WARN_DEPRECATED_OBJC_IMPLEMENTATIONS = YES;
				CLANG_WARN_DIRECT_OBJC_ISA_USAGE = YES_ERROR;
				CLANG_WARN_DOCUMENTATION_COMMENTS = YES;
				CLANG_WARN_EMPTY_BODY = YES;
				CLANG_WARN_ENUM_CONVERSION = YES;
				CLANG_WARN_INFINITE_RECURSION = YES;
				CLANG_WARN_INT_CONVERSION = YES;
				CLANG_WARN_NON_LITERAL_NULL_CONVERSION = YES;
				CLANG_WARN_OBJC_IMPLICIT_RETAIN_SELF = YES;
				CLANG_WARN_OBJC_LITERAL_CONVERSION = YES;
				CLANG_WARN_OBJC_ROOT_CLASS = YES_ERROR;
				CLANG_WARN_QUOTED_INCLUDE_IN_FRAMEWORK_HEADER = YES;
				CLANG_WARN_RANGE_LOOP_ANALYSIS = YES;
				CLANG_WARN_STRICT_PROTOTYPES = YES;
				CLANG_WARN_SUSPICIOUS_MOVE = YES;
				CLANG_WARN_UNGUARDED_AVAILABILITY = YES_AGGRESSIVE;
				CLANG_WARN_UNREACHABLE_CODE = YES;
				CLANG_WARN__DUPLICATE_METHOD_MATCH = YES;
				COPY_PHASE_STRIP = NO;
				DEBUG_INFORMATION_FORMAT = "dwarf-with-dsym";
				ENABLE_NS_ASSERTIONS = NO;
				ENABLE_STRICT_OBJC_MSGSEND = YES;
				GCC_C_LANGUAGE_STANDARD = gnu11;
				GCC_NO_COMMON_BLOCKS = YES;
				GCC_WARN_64_TO_32_BIT_CONVERSION = YES;
				GCC_WARN_ABOUT_RETURN_TYPE = YES_ERROR;
				GCC_WARN_UNDECLARED_SELECTOR = YES;
				GCC_WARN_UNINITIALIZED_AUTOS = YES_AGGRESSIVE;
				GCC_WARN_UNUSED_FUNCTION = YES;
				GCC_WARN_UNUSED_VARIABLE = YES;
				IPHONEOS_DEPLOYMENT_TARGET = 15.4;
				MTL_ENABLE_DEBUG_INFO = NO;
				MTL_FAST_MATH = YES;
				SDKROOT = iphoneos;
				SWIFT_COMPILATION_MODE = wholemodule;
				SWIFT_OPTIMIZATION_LEVEL = "-O";
				VALIDATE_PRODUCT = YES;
			};
			name = Release;
		};
		24C3CE8027F0FDB500F44EEE /* Debug */ = {
			isa = XCBuildConfiguration;
			buildSettings = {
				ASSETCATALOG_COMPILER_APPICON_NAME = AppIcon;
				ASSETCATALOG_COMPILER_GLOBAL_ACCENT_COLOR_NAME = AccentColor;
				CODE_SIGN_STYLE = Automatic;
				CURRENT_PROJECT_VERSION = 1;
				DEVELOPMENT_ASSET_PATHS = "\"Africa/Preview Content\"";
				DEVELOPMENT_TEAM = W5A3B8HHP6;
				ENABLE_PREVIEWS = YES;
				GENERATE_INFOPLIST_FILE = YES;
				INFOPLIST_FILE = Africa/Info.plist;
				INFOPLIST_KEY_UIApplicationSceneManifest_Generation = YES;
				INFOPLIST_KEY_UIApplicationSupportsIndirectInputEvents = YES;
				INFOPLIST_KEY_UISupportedInterfaceOrientations_iPad = "UIInterfaceOrientationPortrait UIInterfaceOrientationPortraitUpsideDown UIInterfaceOrientationLandscapeLeft UIInterfaceOrientationLandscapeRight";
				INFOPLIST_KEY_UISupportedInterfaceOrientations_iPhone = "UIInterfaceOrientationPortrait UIInterfaceOrientationLandscapeLeft UIInterfaceOrientationLandscapeRight";
				INFOPLIST_KEY_UIUserInterfaceStyle = Dark;
				LD_RUNPATH_SEARCH_PATHS = (
					"$(inherited)",
					"@executable_path/Frameworks",
				);
				MARKETING_VERSION = 1.0;
				PRODUCT_BUNDLE_IDENTIFIER = com.vojin.Africa;
				PRODUCT_NAME = "$(TARGET_NAME)";
				SWIFT_EMIT_LOC_STRINGS = YES;
				SWIFT_VERSION = 5.0;
				TARGETED_DEVICE_FAMILY = "1,2";
			};
			name = Debug;
		};
		24C3CE8127F0FDB500F44EEE /* Release */ = {
			isa = XCBuildConfiguration;
			buildSettings = {
				ASSETCATALOG_COMPILER_APPICON_NAME = AppIcon;
				ASSETCATALOG_COMPILER_GLOBAL_ACCENT_COLOR_NAME = AccentColor;
				CODE_SIGN_STYLE = Automatic;
				CURRENT_PROJECT_VERSION = 1;
				DEVELOPMENT_ASSET_PATHS = "\"Africa/Preview Content\"";
				DEVELOPMENT_TEAM = W5A3B8HHP6;
				ENABLE_PREVIEWS = YES;
				GENERATE_INFOPLIST_FILE = YES;
				INFOPLIST_FILE = Africa/Info.plist;
				INFOPLIST_KEY_UIApplicationSceneManifest_Generation = YES;
				INFOPLIST_KEY_UIApplicationSupportsIndirectInputEvents = YES;
				INFOPLIST_KEY_UISupportedInterfaceOrientations_iPad = "UIInterfaceOrientationPortrait UIInterfaceOrientationPortraitUpsideDown UIInterfaceOrientationLandscapeLeft UIInterfaceOrientationLandscapeRight";
				INFOPLIST_KEY_UISupportedInterfaceOrientations_iPhone = "UIInterfaceOrientationPortrait UIInterfaceOrientationLandscapeLeft UIInterfaceOrientationLandscapeRight";
				INFOPLIST_KEY_UIUserInterfaceStyle = Dark;
				LD_RUNPATH_SEARCH_PATHS = (
					"$(inherited)",
					"@executable_path/Frameworks",
				);
				MARKETING_VERSION = 1.0;
				PRODUCT_BUNDLE_IDENTIFIER = com.vojin.Africa;
				PRODUCT_NAME = "$(TARGET_NAME)";
				SWIFT_EMIT_LOC_STRINGS = YES;
				SWIFT_VERSION = 5.0;
				TARGETED_DEVICE_FAMILY = "1,2";
			};
			name = Release;
		};
/* End XCBuildConfiguration section */

/* Begin XCConfigurationList section */
		24C3CE6C27F0FDB500F44EEE /* Build configuration list for PBXProject "Africa" */ = {
			isa = XCConfigurationList;
			buildConfigurations = (
				24C3CE7D27F0FDB500F44EEE /* Debug */,
				24C3CE7E27F0FDB500F44EEE /* Release */,
			);
			defaultConfigurationIsVisible = 0;
			defaultConfigurationName = Release;
		};
		24C3CE7F27F0FDB500F44EEE /* Build configuration list for PBXNativeTarget "Africa" */ = {
			isa = XCConfigurationList;
			buildConfigurations = (
				24C3CE8027F0FDB500F44EEE /* Debug */,
				24C3CE8127F0FDB500F44EEE /* Release */,
			);
			defaultConfigurationIsVisible = 0;
			defaultConfigurationName = Release;
		};
/* End XCConfigurationList section */
	};
	rootObject = 24C3CE6927F0FDB500F44EEE /* Project object */;
}
